
Microsoft Visual Studio Solution File, Format Version 12.00
# Visual Studio Version 16
VisualStudioVersion = 16.0.30621.155
MinimumVisualStudioVersion = 10.0.40219.1
Project("{2150E333-8FDC-42A3-9474-1A3956D46DE8}") = "01链表", "01链表", "{61356BF6-ED75-493F-897C-2B690F2FB207}"
EndProject
Project("{8BC9CEB8-8B4A-11D0-8D11-00A0C91BC942}") = "01链表", "01链表\01链表.vcxproj", "{86DDF139-A3CE-434E-BA67-38BA8B39208D}"
EndProject
Project("{2150E333-8FDC-42A3-9474-1A3956D46DE8}") = "02栈", "02栈", "{7540EF32-A233-4714-A392-C58DDCA09FEF}"
EndProject
Project("{8BC9CEB8-8B4A-11D0-8D11-00A0C91BC942}") = "01顺序栈", "01顺序栈\01顺序栈.vcxproj", "{EFE2A057-A0AC-4B5B-915C-3C795633C9D8}"
EndProject
Project("{2150E333-8FDC-42A3-9474-1A3956D46DE8}") = "03队列", "03队列", "{44EF106E-7488-4DA2-AF63-96EE8AADC621}"
EndProject
Project("{8BC9CEB8-8B4A-11D0-8D11-00A0C91BC942}") = "01顺序队列", "01顺序队列\01顺序队列.vcxproj", "{F6E9BE71-CA9B-476C-B294-A34C5D1521FB}"
EndProject
Project("{2150E333-8FDC-42A3-9474-1A3956D46DE8}") = "04递归", "04递归", "{EAD7B8DE-A35F-46C0-A75B-1C3EF07F9A9A}"
EndProject
Project("{8BC9CEB8-8B4A-11D0-8D11-00A0C91BC942}") = "01简单递归", "01简单递归\01简单递归.vcxproj", "{A22EECFE-0266-4C92-BBFE-988D13C5412D}"
EndProject
Project("{8BC9CEB8-8B4A-11D0-8D11-00A0C91BC942}") = "02楼梯走法", "楼梯走法\楼梯走法.vcxproj", "{7B29F3CD-8FC1-4998-B33E-E7D0A9B3A43A}"
EndProject
Project("{8BC9CEB8-8B4A-11D0-8D11-00A0C91BC942}") = "03重复计算", "重复计算\重复计算.vcxproj", "{158559FC-8B8B-4992-A2B3-92D20D9E0290}"
EndProject
Project("{2150E333-8FDC-42A3-9474-1A3956D46DE8}") = "05排序", "05排序", "{ACA34B87-6E29-40B7-8A51-D03A064647B4}"
EndProject
Project("{8BC9CEB8-8B4A-11D0-8D11-00A0C91BC942}") = "01冒泡排序", "01冒泡排序\01冒泡排序.vcxproj", "{4D3B16E7-42CC-48A2-9B08-B0905C54FE92}"
EndProject
Project("{8BC9CEB8-8B4A-11D0-8D11-00A0C91BC942}") = "02插入排序", "02插入排序\02插入排序.vcxproj", "{5F8F8EB3-9A0D-40FA-83A1-CB014316DF8D}"
EndProject
Project("{2150E333-8FDC-42A3-9474-1A3956D46DE8}") = "二分查找", "二分查找", "{8CDFD2C8-CD82-4C85-B3AD-C7C11706F670}"
EndProject
Project("{8BC9CEB8-8B4A-11D0-8D11-00A0C91BC942}") = "01简单二分", "简单二分\简单二分.vcxproj", "{D95D3DA5-5F17-48D9-A96E-AEBF3959DB78}"
EndProject
Project("{8BC9CEB8-8B4A-11D0-8D11-00A0C91BC942}") = "02递归简单二分", "递归简单二分\递归简单二分.vcxproj", "{1B57D32C-8819-4AC6-8C6D-1B0C56EC05AA}"
EndProject
Project("{8BC9CEB8-8B4A-11D0-8D11-00A0C91BC942}") = "03查找第一个值等于给定值的元素", "03查找第一个值等于给定值的元素\03查找第一个值等于给定值的元素.vcxproj", "{F8DE459A-FB71-4A22-B4B5-51BA66D89E58}"
EndProject
Project("{8BC9CEB8-8B4A-11D0-8D11-00A0C91BC942}") = "04查找最后一个值等于给定值的元素", "04查找最后一个值等于给定值的元素\04查找最后一个值等于给定值的元素.vcxproj", "{27ABE58C-0A59-45BF-9CF8-6D72B17AC58E}"
EndProject
Global
	GlobalSection(SolutionConfigurationPlatforms) = preSolution
		Debug|x64 = Debug|x64
		Debug|x86 = Debug|x86
		Release|x64 = Release|x64
		Release|x86 = Release|x86
	EndGlobalSection
	GlobalSection(ProjectConfigurationPlatforms) = postSolution
		{86DDF139-A3CE-434E-BA67-38BA8B39208D}.Debug|x64.ActiveCfg = Debug|x64
		{86DDF139-A3CE-434E-BA67-38BA8B39208D}.Debug|x64.Build.0 = Debug|x64
		{86DDF139-A3CE-434E-BA67-38BA8B39208D}.Debug|x86.ActiveCfg = Debug|Win32
		{86DDF139-A3CE-434E-BA67-38BA8B39208D}.Debug|x86.Build.0 = Debug|Win32
		{86DDF139-A3CE-434E-BA67-38BA8B39208D}.Release|x64.ActiveCfg = Release|x64
		{86DDF139-A3CE-434E-BA67-38BA8B39208D}.Release|x64.Build.0 = Release|x64
		{86DDF139-A3CE-434E-BA67-38BA8B39208D}.Release|x86.ActiveCfg = Release|Win32
		{86DDF139-A3CE-434E-BA67-38BA8B39208D}.Release|x86.Build.0 = Release|Win32
		{EFE2A057-A0AC-4B5B-915C-3C795633C9D8}.Debug|x64.ActiveCfg = Debug|x64
		{EFE2A057-A0AC-4B5B-915C-3C795633C9D8}.Debug|x64.Build.0 = Debug|x64
		{EFE2A057-A0AC-4B5B-915C-3C795633C9D8}.Debug|x86.ActiveCfg = Debug|Win32
		{EFE2A057-A0AC-4B5B-915C-3C795633C9D8}.Debug|x86.Build.0 = Debug|Win32
		{EFE2A057-A0AC-4B5B-915C-3C795633C9D8}.Release|x64.ActiveCfg = Release|x64
		{EFE2A057-A0AC-4B5B-915C-3C795633C9D8}.Release|x64.Build.0 = Release|x64
		{EFE2A057-A0AC-4B5B-915C-3C795633C9D8}.Release|x86.ActiveCfg = Release|Win32
		{EFE2A057-A0AC-4B5B-915C-3C795633C9D8}.Release|x86.Build.0 = Release|Win32
		{F6E9BE71-CA9B-476C-B294-A34C5D1521FB}.Debug|x64.ActiveCfg = Debug|x64
		{F6E9BE71-CA9B-476C-B294-A34C5D1521FB}.Debug|x64.Build.0 = Debug|x64
		{F6E9BE71-CA9B-476C-B294-A34C5D1521FB}.Debug|x86.ActiveCfg = Debug|Win32
		{F6E9BE71-CA9B-476C-B294-A34C5D1521FB}.Debug|x86.Build.0 = Debug|Win32
		{F6E9BE71-CA9B-476C-B294-A34C5D1521FB}.Release|x64.ActiveCfg = Release|x64
		{F6E9BE71-CA9B-476C-B294-A34C5D1521FB}.Release|x64.Build.0 = Release|x64
		{F6E9BE71-CA9B-476C-B294-A34C5D1521FB}.Release|x86.ActiveCfg = Release|Win32
		{F6E9BE71-CA9B-476C-B294-A34C5D1521FB}.Release|x86.Build.0 = Release|Win32
		{A22EECFE-0266-4C92-BBFE-988D13C5412D}.Debug|x64.ActiveCfg = Debug|x64
		{A22EECFE-0266-4C92-BBFE-988D13C5412D}.Debug|x64.Build.0 = Debug|x64
		{A22EECFE-0266-4C92-BBFE-988D13C5412D}.Debug|x86.ActiveCfg = Debug|Win32
		{A22EECFE-0266-4C92-BBFE-988D13C5412D}.Debug|x86.Build.0 = Debug|Win32
		{A22EECFE-0266-4C92-BBFE-988D13C5412D}.Release|x64.ActiveCfg = Release|x64
		{A22EECFE-0266-4C92-BBFE-988D13C5412D}.Release|x64.Build.0 = Release|x64
		{A22EECFE-0266-4C92-BBFE-988D13C5412D}.Release|x86.ActiveCfg = Release|Win32
		{A22EECFE-0266-4C92-BBFE-988D13C5412D}.Release|x86.Build.0 = Release|Win32
		{7B29F3CD-8FC1-4998-B33E-E7D0A9B3A43A}.Debug|x64.ActiveCfg = Debug|x64
		{7B29F3CD-8FC1-4998-B33E-E7D0A9B3A43A}.Debug|x64.Build.0 = Debug|x64
		{7B29F3CD-8FC1-4998-B33E-E7D0A9B3A43A}.Debug|x86.ActiveCfg = Debug|Win32
		{7B29F3CD-8FC1-4998-B33E-E7D0A9B3A43A}.Debug|x86.Build.0 = Debug|Win32
		{7B29F3CD-8FC1-4998-B33E-E7D0A9B3A43A}.Release|x64.ActiveCfg = Release|x64
		{7B29F3CD-8FC1-4998-B33E-E7D0A9B3A43A}.Release|x64.Build.0 = Release|x64
		{7B29F3CD-8FC1-4998-B33E-E7D0A9B3A43A}.Release|x86.ActiveCfg = Release|Win32
		{7B29F3CD-8FC1-4998-B33E-E7D0A9B3A43A}.Release|x86.Build.0 = Release|Win32
		{158559FC-8B8B-4992-A2B3-92D20D9E0290}.Debug|x64.ActiveCfg = Debug|x64
		{158559FC-8B8B-4992-A2B3-92D20D9E0290}.Debug|x64.Build.0 = Debug|x64
		{158559FC-8B8B-4992-A2B3-92D20D9E0290}.Debug|x86.ActiveCfg = Debug|Win32
		{158559FC-8B8B-4992-A2B3-92D20D9E0290}.Debug|x86.Build.0 = Debug|Win32
		{158559FC-8B8B-4992-A2B3-92D20D9E0290}.Release|x64.ActiveCfg = Release|x64
		{158559FC-8B8B-4992-A2B3-92D20D9E0290}.Release|x64.Build.0 = Release|x64
		{158559FC-8B8B-4992-A2B3-92D20D9E0290}.Release|x86.ActiveCfg = Release|Win32
		{158559FC-8B8B-4992-A2B3-92D20D9E0290}.Release|x86.Build.0 = Release|Win32
		{4D3B16E7-42CC-48A2-9B08-B0905C54FE92}.Debug|x64.ActiveCfg = Debug|x64
		{4D3B16E7-42CC-48A2-9B08-B0905C54FE92}.Debug|x64.Build.0 = Debug|x64
		{4D3B16E7-42CC-48A2-9B08-B0905C54FE92}.Debug|x86.ActiveCfg = Debug|Win32
		{4D3B16E7-42CC-48A2-9B08-B0905C54FE92}.Debug|x86.Build.0 = Debug|Win32
		{4D3B16E7-42CC-48A2-9B08-B0905C54FE92}.Release|x64.ActiveCfg = Release|x64
		{4D3B16E7-42CC-48A2-9B08-B0905C54FE92}.Release|x64.Build.0 = Release|x64
		{4D3B16E7-42CC-48A2-9B08-B0905C54FE92}.Release|x86.ActiveCfg = Release|Win32
		{4D3B16E7-42CC-48A2-9B08-B0905C54FE92}.Release|x86.Build.0 = Release|Win32
		{5F8F8EB3-9A0D-40FA-83A1-CB014316DF8D}.Debug|x64.ActiveCfg = Debug|x64
		{5F8F8EB3-9A0D-40FA-83A1-CB014316DF8D}.Debug|x64.Build.0 = Debug|x64
		{5F8F8EB3-9A0D-40FA-83A1-CB014316DF8D}.Debug|x86.ActiveCfg = Debug|Win32
		{5F8F8EB3-9A0D-40FA-83A1-CB014316DF8D}.Debug|x86.Build.0 = Debug|Win32
		{5F8F8EB3-9A0D-40FA-83A1-CB014316DF8D}.Release|x64.ActiveCfg = Release|x64
		{5F8F8EB3-9A0D-40FA-83A1-CB014316DF8D}.Release|x64.Build.0 = Release|x64
		{5F8F8EB3-9A0D-40FA-83A1-CB014316DF8D}.Release|x86.ActiveCfg = Release|Win32
		{5F8F8EB3-9A0D-40FA-83A1-CB014316DF8D}.Release|x86.Build.0 = Release|Win32
		{D95D3DA5-5F17-48D9-A96E-AEBF3959DB78}.Debug|x64.ActiveCfg = Debug|x64
		{D95D3DA5-5F17-48D9-A96E-AEBF3959DB78}.Debug|x64.Build.0 = Debug|x64
		{D95D3DA5-5F17-48D9-A96E-AEBF3959DB78}.Debug|x86.ActiveCfg = Debug|Win32
		{D95D3DA5-5F17-48D9-A96E-AEBF3959DB78}.Debug|x86.Build.0 = Debug|Win32
		{D95D3DA5-5F17-48D9-A96E-AEBF3959DB78}.Release|x64.ActiveCfg = Release|x64
		{D95D3DA5-5F17-48D9-A96E-AEBF3959DB78}.Release|x64.Build.0 = Release|x64
		{D95D3DA5-5F17-48D9-A96E-AEBF3959DB78}.Release|x86.ActiveCfg = Release|Win32
		{D95D3DA5-5F17-48D9-A96E-AEBF3959DB78}.Release|x86.Build.0 = Release|Win32
		{1B57D32C-8819-4AC6-8C6D-1B0C56EC05AA}.Debug|x64.ActiveCfg = Debug|x64
		{1B57D32C-8819-4AC6-8C6D-1B0C56EC05AA}.Debug|x64.Build.0 = Debug|x64
		{1B57D32C-8819-4AC6-8C6D-1B0C56EC05AA}.Debug|x86.ActiveCfg = Debug|Win32
		{1B57D32C-8819-4AC6-8C6D-1B0C56EC05AA}.Debug|x86.Build.0 = Debug|Win32
		{1B57D32C-8819-4AC6-8C6D-1B0C56EC05AA}.Release|x64.ActiveCfg = Release|x64
		{1B57D32C-8819-4AC6-8C6D-1B0C56EC05AA}.Release|x64.Build.0 = Release|x64
		{1B57D32C-8819-4AC6-8C6D-1B0C56EC05AA}.Release|x86.ActiveCfg = Release|Win32
		{1B57D32C-8819-4AC6-8C6D-1B0C56EC05AA}.Release|x86.Build.0 = Release|Win32
		{F8DE459A-FB71-4A22-B4B5-51BA66D89E58}.Debug|x64.ActiveCfg = Debug|x64
		{F8DE459A-FB71-4A22-B4B5-51BA66D89E58}.Debug|x64.Build.0 = Debug|x64
		{F8DE459A-FB71-4A22-B4B5-51BA66D89E58}.Debug|x86.ActiveCfg = Debug|Win32
		{F8DE459A-FB71-4A22-B4B5-51BA66D89E58}.Debug|x86.Build.0 = Debug|Win32
		{F8DE459A-FB71-4A22-B4B5-51BA66D89E58}.Release|x64.ActiveCfg = Release|x64
		{F8DE459A-FB71-4A22-B4B5-51BA66D89E58}.Release|x64.Build.0 = Release|x64
		{F8DE459A-FB71-4A22-B4B5-51BA66D89E58}.Release|x86.ActiveCfg = Release|Win32
		{F8DE459A-FB71-4A22-B4B5-51BA66D89E58}.Release|x86.Build.0 = Release|Win32
		{27ABE58C-0A59-45BF-9CF8-6D72B17AC58E}.Debug|x64.ActiveCfg = Debug|x64
		{27ABE58C-0A59-45BF-9CF8-6D72B17AC58E}.Debug|x64.Build.0 = Debug|x64
		{27ABE58C-0A59-45BF-9CF8-6D72B17AC58E}.Debug|x86.ActiveCfg = Debug|Win32
		{27ABE58C-0A59-45BF-9CF8-6D72B17AC58E}.Debug|x86.Build.0 = Debug|Win32
		{27ABE58C-0A59-45BF-9CF8-6D72B17AC58E}.Release|x64.ActiveCfg = Release|x64
		{27ABE58C-0A59-45BF-9CF8-6D72B17AC58E}.Release|x64.Build.0 = Release|x64
		{27ABE58C-0A59-45BF-9CF8-6D72B17AC58E}.Release|x86.ActiveCfg = Release|Win32
		{27ABE58C-0A59-45BF-9CF8-6D72B17AC58E}.Release|x86.Build.0 = Release|Win32
	EndGlobalSection
	GlobalSection(SolutionProperties) = preSolution
		HideSolutionNode = FALSE
	EndGlobalSection
	GlobalSection(NestedProjects) = preSolution
		{86DDF139-A3CE-434E-BA67-38BA8B39208D} = {61356BF6-ED75-493F-897C-2B690F2FB207}
		{EFE2A057-A0AC-4B5B-915C-3C795633C9D8} = {7540EF32-A233-4714-A392-C58DDCA09FEF}
		{F6E9BE71-CA9B-476C-B294-A34C5D1521FB} = {44EF106E-7488-4DA2-AF63-96EE8AADC621}
		{A22EECFE-0266-4C92-BBFE-988D13C5412D} = {EAD7B8DE-A35F-46C0-A75B-1C3EF07F9A9A}
		{7B29F3CD-8FC1-4998-B33E-E7D0A9B3A43A} = {EAD7B8DE-A35F-46C0-A75B-1C3EF07F9A9A}
		{158559FC-8B8B-4992-A2B3-92D20D9E0290} = {EAD7B8DE-A35F-46C0-A75B-1C3EF07F9A9A}
		{4D3B16E7-42CC-48A2-9B08-B0905C54FE92} = {ACA34B87-6E29-40B7-8A51-D03A064647B4}
		{5F8F8EB3-9A0D-40FA-83A1-CB014316DF8D} = {ACA34B87-6E29-40B7-8A51-D03A064647B4}
		{D95D3DA5-5F17-48D9-A96E-AEBF3959DB78} = {8CDFD2C8-CD82-4C85-B3AD-C7C11706F670}
		{1B57D32C-8819-4AC6-8C6D-1B0C56EC05AA} = {8CDFD2C8-CD82-4C85-B3AD-C7C11706F670}
		{F8DE459A-FB71-4A22-B4B5-51BA66D89E58} = {8CDFD2C8-CD82-4C85-B3AD-C7C11706F670}
		{27ABE58C-0A59-45BF-9CF8-6D72B17AC58E} = {8CDFD2C8-CD82-4C85-B3AD-C7C11706F670}
	EndGlobalSection
	GlobalSection(ExtensibilityGlobals) = postSolution
		SolutionGuid = {BB8BBA41-BFFF-45BA-A4EF-DF3A2AC5A0E6}
	EndGlobalSection
EndGlobal
